// !$*UTF8*$!
{
	archiveVersion = 1;
	classes = {
	};
	objectVersion = 55;
	objects = {

/* Begin PBXBuildFile section */
		23117A042B87F09C00C95618 /* Error.swift in Sources */ = {isa = PBXBuildFile; fileRef = 23117A032B87F09B00C95618 /* Error.swift */; };
		235F5F502B8932BF0037FD2A /* Constants.swift in Sources */ = {isa = PBXBuildFile; fileRef = 235F5F4F2B8932BF0037FD2A /* Constants.swift */; };
		235F5F542B8935560037FD2A /* CardAPIService.swift in Sources */ = {isa = PBXBuildFile; fileRef = 235F5F532B8935560037FD2A /* CardAPIService.swift */; };
		235F5F842B8A0FBA0037FD2A /* API.swift in Sources */ = {isa = PBXBuildFile; fileRef = 235F5F832B8A0FBA0037FD2A /* API.swift */; };
		235F5F862B8A0FF90037FD2A /* ViewController.swift in Sources */ = {isa = PBXBuildFile; fileRef = 235F5F852B8A0FF90037FD2A /* ViewController.swift */; };
		235F5F882B8A102B0037FD2A /* SectionModel.swift in Sources */ = {isa = PBXBuildFile; fileRef = 235F5F872B8A102B0037FD2A /* SectionModel.swift */; };
		235F5F8A2B8A106B0037FD2A /* PokemonCell.swift in Sources */ = {isa = PBXBuildFile; fileRef = 235F5F892B8A106B0037FD2A /* PokemonCell.swift */; };
		235F5F922B8A1A240037FD2A /* ListPresenter.swift in Sources */ = {isa = PBXBuildFile; fileRef = 235F5F912B8A1A240037FD2A /* ListPresenter.swift */; };
		235F5F942B8A1A310037FD2A /* ListRouter.swift in Sources */ = {isa = PBXBuildFile; fileRef = 235F5F932B8A1A310037FD2A /* ListRouter.swift */; };
		235F5F962B8A1A450037FD2A /* ListInteractor.swift in Sources */ = {isa = PBXBuildFile; fileRef = 235F5F952B8A1A450037FD2A /* ListInteractor.swift */; };
		235F5F982B8A1F8D0037FD2A /* ListConfigurator.swift in Sources */ = {isa = PBXBuildFile; fileRef = 235F5F972B8A1F8D0037FD2A /* ListConfigurator.swift */; };
		239ADF0C2B8622AE0020B467 /* AppDelegate.swift in Sources */ = {isa = PBXBuildFile; fileRef = 239ADF0B2B8622AE0020B467 /* AppDelegate.swift */; };
		239ADF0E2B8622AE0020B467 /* SceneDelegate.swift in Sources */ = {isa = PBXBuildFile; fileRef = 239ADF0D2B8622AE0020B467 /* SceneDelegate.swift */; };
		239ADF132B8622AE0020B467 /* Main.storyboard in Resources */ = {isa = PBXBuildFile; fileRef = 239ADF112B8622AE0020B467 /* Main.storyboard */; };
		239ADF152B8622B70020B467 /* Assets.xcassets in Resources */ = {isa = PBXBuildFile; fileRef = 239ADF142B8622B70020B467 /* Assets.xcassets */; };
		239ADF182B8622B70020B467 /* LaunchScreen.storyboard in Resources */ = {isa = PBXBuildFile; fileRef = 239ADF162B8622B70020B467 /* LaunchScreen.storyboard */; };
		239ADF232B8622B80020B467 /* PokeDokiTests.swift in Sources */ = {isa = PBXBuildFile; fileRef = 239ADF222B8622B80020B467 /* PokeDokiTests.swift */; };
		239ADF2D2B8622B80020B467 /* PokeDokiUITests.swift in Sources */ = {isa = PBXBuildFile; fileRef = 239ADF2C2B8622B80020B467 /* PokeDokiUITests.swift */; };
		239ADF2F2B8622B80020B467 /* PokeDokiUITestsLaunchTests.swift in Sources */ = {isa = PBXBuildFile; fileRef = 239ADF2E2B8622B80020B467 /* PokeDokiUITestsLaunchTests.swift */; };
		23FC5A512B87F62300F32E9E /* CardViewController.swift in Sources */ = {isa = PBXBuildFile; fileRef = 23FC5A502B87F62300F32E9E /* CardViewController.swift */; };
		23FC5A562B88D92D00F32E9E /* Protocols.swift in Sources */ = {isa = PBXBuildFile; fileRef = 23FC5A552B88D92D00F32E9E /* Protocols.swift */; };
		23FC5A5A2B88E77500F32E9E /* CardPokemonModel.swift in Sources */ = {isa = PBXBuildFile; fileRef = 23FC5A592B88E77500F32E9E /* CardPokemonModel.swift */; };
/* End PBXBuildFile section */

/* Begin PBXContainerItemProxy section */
		239ADF1F2B8622B80020B467 /* PBXContainerItemProxy */ = {
			isa = PBXContainerItemProxy;
			containerPortal = 239ADF002B8622AE0020B467 /* Project object */;
			proxyType = 1;
			remoteGlobalIDString = 239ADF072B8622AE0020B467;
			remoteInfo = PokeDoki;
		};
		239ADF292B8622B80020B467 /* PBXContainerItemProxy */ = {
			isa = PBXContainerItemProxy;
			containerPortal = 239ADF002B8622AE0020B467 /* Project object */;
			proxyType = 1;
			remoteGlobalIDString = 239ADF072B8622AE0020B467;
			remoteInfo = PokeDoki;
		};
/* End PBXContainerItemProxy section */

/* Begin PBXFileReference section */
		23117A032B87F09B00C95618 /* Error.swift */ = {isa = PBXFileReference; lastKnownFileType = sourcecode.swift; path = Error.swift; sourceTree = "<group>"; };
		235F5F4F2B8932BF0037FD2A /* Constants.swift */ = {isa = PBXFileReference; lastKnownFileType = sourcecode.swift; path = Constants.swift; sourceTree = "<group>"; };
		235F5F532B8935560037FD2A /* CardAPIService.swift */ = {isa = PBXFileReference; lastKnownFileType = sourcecode.swift; path = CardAPIService.swift; sourceTree = "<group>"; };
		235F5F832B8A0FBA0037FD2A /* API.swift */ = {isa = PBXFileReference; lastKnownFileType = sourcecode.swift; path = API.swift; sourceTree = "<group>"; };
		235F5F852B8A0FF90037FD2A /* ViewController.swift */ = {isa = PBXFileReference; lastKnownFileType = sourcecode.swift; path = ViewController.swift; sourceTree = "<group>"; };
		235F5F872B8A102B0037FD2A /* SectionModel.swift */ = {isa = PBXFileReference; lastKnownFileType = sourcecode.swift; path = SectionModel.swift; sourceTree = "<group>"; };
		235F5F892B8A106B0037FD2A /* PokemonCell.swift */ = {isa = PBXFileReference; lastKnownFileType = sourcecode.swift; path = PokemonCell.swift; sourceTree = "<group>"; };
		235F5F912B8A1A240037FD2A /* ListPresenter.swift */ = {isa = PBXFileReference; lastKnownFileType = sourcecode.swift; path = ListPresenter.swift; sourceTree = "<group>"; };
		235F5F932B8A1A310037FD2A /* ListRouter.swift */ = {isa = PBXFileReference; lastKnownFileType = sourcecode.swift; path = ListRouter.swift; sourceTree = "<group>"; };
		235F5F952B8A1A450037FD2A /* ListInteractor.swift */ = {isa = PBXFileReference; lastKnownFileType = sourcecode.swift; path = ListInteractor.swift; sourceTree = "<group>"; };
		235F5F972B8A1F8D0037FD2A /* ListConfigurator.swift */ = {isa = PBXFileReference; lastKnownFileType = sourcecode.swift; path = ListConfigurator.swift; sourceTree = "<group>"; };
		239ADF082B8622AE0020B467 /* PokeDoki.app */ = {isa = PBXFileReference; explicitFileType = wrapper.application; includeInIndex = 0; path = PokeDoki.app; sourceTree = BUILT_PRODUCTS_DIR; };
		239ADF0B2B8622AE0020B467 /* AppDelegate.swift */ = {isa = PBXFileReference; lastKnownFileType = sourcecode.swift; path = AppDelegate.swift; sourceTree = "<group>"; };
		239ADF0D2B8622AE0020B467 /* SceneDelegate.swift */ = {isa = PBXFileReference; lastKnownFileType = sourcecode.swift; path = SceneDelegate.swift; sourceTree = "<group>"; };
		239ADF122B8622AE0020B467 /* Base */ = {isa = PBXFileReference; lastKnownFileType = file.storyboard; name = Base; path = Base.lproj/Main.storyboard; sourceTree = "<group>"; };
		239ADF142B8622B70020B467 /* Assets.xcassets */ = {isa = PBXFileReference; lastKnownFileType = folder.assetcatalog; path = Assets.xcassets; sourceTree = "<group>"; };
		239ADF172B8622B70020B467 /* Base */ = {isa = PBXFileReference; lastKnownFileType = file.storyboard; name = Base; path = Base.lproj/LaunchScreen.storyboard; sourceTree = "<group>"; };
		239ADF192B8622B70020B467 /* Info.plist */ = {isa = PBXFileReference; lastKnownFileType = text.plist.xml; path = Info.plist; sourceTree = "<group>"; };
		239ADF1E2B8622B80020B467 /* PokeDokiTests.xctest */ = {isa = PBXFileReference; explicitFileType = wrapper.cfbundle; includeInIndex = 0; path = PokeDokiTests.xctest; sourceTree = BUILT_PRODUCTS_DIR; };
		239ADF222B8622B80020B467 /* PokeDokiTests.swift */ = {isa = PBXFileReference; lastKnownFileType = sourcecode.swift; path = PokeDokiTests.swift; sourceTree = "<group>"; };
		239ADF282B8622B80020B467 /* PokeDokiUITests.xctest */ = {isa = PBXFileReference; explicitFileType = wrapper.cfbundle; includeInIndex = 0; path = PokeDokiUITests.xctest; sourceTree = BUILT_PRODUCTS_DIR; };
		239ADF2C2B8622B80020B467 /* PokeDokiUITests.swift */ = {isa = PBXFileReference; lastKnownFileType = sourcecode.swift; path = PokeDokiUITests.swift; sourceTree = "<group>"; };
		239ADF2E2B8622B80020B467 /* PokeDokiUITestsLaunchTests.swift */ = {isa = PBXFileReference; lastKnownFileType = sourcecode.swift; path = PokeDokiUITestsLaunchTests.swift; sourceTree = "<group>"; };
		23FC5A502B87F62300F32E9E /* CardViewController.swift */ = {isa = PBXFileReference; lastKnownFileType = sourcecode.swift; name = CardViewController.swift; path = "PokeDoki/Card module/CardViewController.swift"; sourceTree = SOURCE_ROOT; };
		23FC5A552B88D92D00F32E9E /* Protocols.swift */ = {isa = PBXFileReference; lastKnownFileType = sourcecode.swift; path = Protocols.swift; sourceTree = "<group>"; };
		23FC5A592B88E77500F32E9E /* CardPokemonModel.swift */ = {isa = PBXFileReference; lastKnownFileType = sourcecode.swift; path = CardPokemonModel.swift; sourceTree = "<group>"; };
/* End PBXFileReference section */

/* Begin PBXFrameworksBuildPhase section */
		239ADF052B8622AE0020B467 /* Frameworks */ = {
			isa = PBXFrameworksBuildPhase;
			buildActionMask = 2147483647;
			files = (
			);
			runOnlyForDeploymentPostprocessing = 0;
		};
		239ADF1B2B8622B80020B467 /* Frameworks */ = {
			isa = PBXFrameworksBuildPhase;
			buildActionMask = 2147483647;
			files = (
			);
			runOnlyForDeploymentPostprocessing = 0;
		};
		239ADF252B8622B80020B467 /* Frameworks */ = {
			isa = PBXFrameworksBuildPhase;
			buildActionMask = 2147483647;
			files = (
			);
			runOnlyForDeploymentPostprocessing = 0;
		};
/* End PBXFrameworksBuildPhase section */

/* Begin PBXGroup section */
		23117A022B87EA3E00C95618 /* Entity */ = {
			isa = PBXGroup;
			children = (
				23FC5A592B88E77500F32E9E /* CardPokemonModel.swift */,
			);
			path = Entity;
			sourceTree = "<group>";
		};
		235F5F822B8A0F6C0037FD2A /* Entity */ = {
			isa = PBXGroup;
			children = (
				235F5F872B8A102B0037FD2A /* SectionModel.swift */,
			);
			path = Entity;
			sourceTree = "<group>";
		};
		239ADEFF2B8622AE0020B467 = {
			isa = PBXGroup;
			children = (
				239ADF0A2B8622AE0020B467 /* PokeDoki */,
				239ADF212B8622B80020B467 /* PokeDokiTests */,
				239ADF2B2B8622B80020B467 /* PokeDokiUITests */,
				239ADF092B8622AE0020B467 /* Products */,
			);
			sourceTree = "<group>";
		};
		239ADF092B8622AE0020B467 /* Products */ = {
			isa = PBXGroup;
			children = (
				239ADF082B8622AE0020B467 /* PokeDoki.app */,
				239ADF1E2B8622B80020B467 /* PokeDokiTests.xctest */,
				239ADF282B8622B80020B467 /* PokeDokiUITests.xctest */,
			);
			name = Products;
			sourceTree = "<group>";
		};
		239ADF0A2B8622AE0020B467 /* PokeDoki */ = {
			isa = PBXGroup;
			children = (
				239ADF0B2B8622AE0020B467 /* AppDelegate.swift */,
				239ADF0D2B8622AE0020B467 /* SceneDelegate.swift */,
				23FC5A552B88D92D00F32E9E /* Protocols.swift */,
				23117A032B87F09B00C95618 /* Error.swift */,
				235F5F4F2B8932BF0037FD2A /* Constants.swift */,
				239ADF7E2B86AF890020B467 /* Card module */,
				239ADF7D2B86AF570020B467 /* List module */,
				239ADF112B8622AE0020B467 /* Main.storyboard */,
				239ADF142B8622B70020B467 /* Assets.xcassets */,
				239ADF162B8622B70020B467 /* LaunchScreen.storyboard */,
				239ADF192B8622B70020B467 /* Info.plist */,
			);
			path = PokeDoki;
			sourceTree = "<group>";
		};
		239ADF212B8622B80020B467 /* PokeDokiTests */ = {
			isa = PBXGroup;
			children = (
				239ADF222B8622B80020B467 /* PokeDokiTests.swift */,
			);
			path = PokeDokiTests;
			sourceTree = "<group>";
		};
		239ADF2B2B8622B80020B467 /* PokeDokiUITests */ = {
			isa = PBXGroup;
			children = (
				239ADF2C2B8622B80020B467 /* PokeDokiUITests.swift */,
				239ADF2E2B8622B80020B467 /* PokeDokiUITestsLaunchTests.swift */,
			);
			path = PokeDokiUITests;
			sourceTree = "<group>";
		};
		239ADF7D2B86AF570020B467 /* List module */ = {
			isa = PBXGroup;
			children = (
				235F5F892B8A106B0037FD2A /* PokemonCell.swift */,
				235F5F852B8A0FF90037FD2A /* ViewController.swift */,
				235F5F912B8A1A240037FD2A /* ListPresenter.swift */,
				235F5F932B8A1A310037FD2A /* ListRouter.swift */,
				235F5F952B8A1A450037FD2A /* ListInteractor.swift */,
				235F5F832B8A0FBA0037FD2A /* API.swift */,
				235F5F972B8A1F8D0037FD2A /* ListConfigurator.swift */,
				235F5F822B8A0F6C0037FD2A /* Entity */,
			);
			path = "List module";
			sourceTree = "<group>";
		};
		239ADF7E2B86AF890020B467 /* Card module */ = {
			isa = PBXGroup;
			children = (
				235F5F532B8935560037FD2A /* CardAPIService.swift */,
				23FC5A502B87F62300F32E9E /* CardViewController.swift */,
				23117A022B87EA3E00C95618 /* Entity */,
			);
			path = "Card module";
			sourceTree = "<group>";
		};
/* End PBXGroup section */

/* Begin PBXNativeTarget section */
		239ADF072B8622AE0020B467 /* PokeDoki */ = {
			isa = PBXNativeTarget;
			buildConfigurationList = 239ADF322B8622B80020B467 /* Build configuration list for PBXNativeTarget "PokeDoki" */;
			buildPhases = (
				239ADF042B8622AE0020B467 /* Sources */,
				239ADF052B8622AE0020B467 /* Frameworks */,
				239ADF062B8622AE0020B467 /* Resources */,
			);
			buildRules = (
			);
			dependencies = (
			);
			name = PokeDoki;
			productName = PokeDoki;
			productReference = 239ADF082B8622AE0020B467 /* PokeDoki.app */;
			productType = "com.apple.product-type.application";
		};
		239ADF1D2B8622B80020B467 /* PokeDokiTests */ = {
			isa = PBXNativeTarget;
			buildConfigurationList = 239ADF352B8622B80020B467 /* Build configuration list for PBXNativeTarget "PokeDokiTests" */;
			buildPhases = (
				239ADF1A2B8622B80020B467 /* Sources */,
				239ADF1B2B8622B80020B467 /* Frameworks */,
				239ADF1C2B8622B80020B467 /* Resources */,
			);
			buildRules = (
			);
			dependencies = (
				239ADF202B8622B80020B467 /* PBXTargetDependency */,
			);
			name = PokeDokiTests;
			productName = PokeDokiTests;
			productReference = 239ADF1E2B8622B80020B467 /* PokeDokiTests.xctest */;
			productType = "com.apple.product-type.bundle.unit-test";
		};
		239ADF272B8622B80020B467 /* PokeDokiUITests */ = {
			isa = PBXNativeTarget;
			buildConfigurationList = 239ADF382B8622B80020B467 /* Build configuration list for PBXNativeTarget "PokeDokiUITests" */;
			buildPhases = (
				239ADF242B8622B80020B467 /* Sources */,
				239ADF252B8622B80020B467 /* Frameworks */,
				239ADF262B8622B80020B467 /* Resources */,
			);
			buildRules = (
			);
			dependencies = (
				239ADF2A2B8622B80020B467 /* PBXTargetDependency */,
			);
			name = PokeDokiUITests;
			productName = PokeDokiUITests;
			productReference = 239ADF282B8622B80020B467 /* PokeDokiUITests.xctest */;
			productType = "com.apple.product-type.bundle.ui-testing";
		};
/* End PBXNativeTarget section */

/* Begin PBXProject section */
		239ADF002B8622AE0020B467 /* Project object */ = {
			isa = PBXProject;
			attributes = {
				BuildIndependentTargetsInParallel = 1;
				LastSwiftUpdateCheck = 1300;
				LastUpgradeCheck = 1300;
				TargetAttributes = {
					239ADF072B8622AE0020B467 = {
						CreatedOnToolsVersion = 13.0;
					};
					239ADF1D2B8622B80020B467 = {
						CreatedOnToolsVersion = 13.0;
						TestTargetID = 239ADF072B8622AE0020B467;
					};
					239ADF272B8622B80020B467 = {
						CreatedOnToolsVersion = 13.0;
						TestTargetID = 239ADF072B8622AE0020B467;
					};
				};
			};
			buildConfigurationList = 239ADF032B8622AE0020B467 /* Build configuration list for PBXProject "PokeDoki" */;
			compatibilityVersion = "Xcode 13.0";
			developmentRegion = en;
			hasScannedForEncodings = 0;
			knownRegions = (
				en,
				Base,
			);
			mainGroup = 239ADEFF2B8622AE0020B467;
			productRefGroup = 239ADF092B8622AE0020B467 /* Products */;
			projectDirPath = "";
			projectRoot = "";
			targets = (
				239ADF072B8622AE0020B467 /* PokeDoki */,
				239ADF1D2B8622B80020B467 /* PokeDokiTests */,
				239ADF272B8622B80020B467 /* PokeDokiUITests */,
			);
		};
/* End PBXProject section */

/* Begin PBXResourcesBuildPhase section */
		239ADF062B8622AE0020B467 /* Resources */ = {
			isa = PBXResourcesBuildPhase;
			buildActionMask = 2147483647;
			files = (
				239ADF182B8622B70020B467 /* LaunchScreen.storyboard in Resources */,
				239ADF152B8622B70020B467 /* Assets.xcassets in Resources */,
				239ADF132B8622AE0020B467 /* Main.storyboard in Resources */,
			);
			runOnlyForDeploymentPostprocessing = 0;
		};
		239ADF1C2B8622B80020B467 /* Resources */ = {
			isa = PBXResourcesBuildPhase;
			buildActionMask = 2147483647;
			files = (
			);
			runOnlyForDeploymentPostprocessing = 0;
		};
		239ADF262B8622B80020B467 /* Resources */ = {
			isa = PBXResourcesBuildPhase;
			buildActionMask = 2147483647;
			files = (
			);
			runOnlyForDeploymentPostprocessing = 0;
		};
/* End PBXResourcesBuildPhase section */

/* Begin PBXSourcesBuildPhase section */
		239ADF042B8622AE0020B467 /* Sources */ = {
			isa = PBXSourcesBuildPhase;
			buildActionMask = 2147483647;
			files = (
				235F5F982B8A1F8D0037FD2A /* ListConfigurator.swift in Sources */,
				235F5F962B8A1A450037FD2A /* ListInteractor.swift in Sources */,
				239ADF0C2B8622AE0020B467 /* AppDelegate.swift in Sources */,
				23FC5A562B88D92D00F32E9E /* Protocols.swift in Sources */,
				23FC5A5A2B88E77500F32E9E /* CardPokemonModel.swift in Sources */,
				23FC5A512B87F62300F32E9E /* CardViewController.swift in Sources */,
				23117A042B87F09C00C95618 /* Error.swift in Sources */,
				235F5F8A2B8A106B0037FD2A /* PokemonCell.swift in Sources */,
				235F5F862B8A0FF90037FD2A /* ViewController.swift in Sources */,
				235F5F842B8A0FBA0037FD2A /* API.swift in Sources */,
				235F5F942B8A1A310037FD2A /* ListRouter.swift in Sources */,
				235F5F542B8935560037FD2A /* CardAPIService.swift in Sources */,
				239ADF0E2B8622AE0020B467 /* SceneDelegate.swift in Sources */,
				235F5F922B8A1A240037FD2A /* ListPresenter.swift in Sources */,
				235F5F502B8932BF0037FD2A /* Constants.swift in Sources */,
				235F5F882B8A102B0037FD2A /* SectionModel.swift in Sources */,
			);
			runOnlyForDeploymentPostprocessing = 0;
		};
		239ADF1A2B8622B80020B467 /* Sources */ = {
			isa = PBXSourcesBuildPhase;
			buildActionMask = 2147483647;
			files = (
				239ADF232B8622B80020B467 /* PokeDokiTests.swift in Sources */,
			);
			runOnlyForDeploymentPostprocessing = 0;
		};
		239ADF242B8622B80020B467 /* Sources */ = {
			isa = PBXSourcesBuildPhase;
			buildActionMask = 2147483647;
			files = (
				239ADF2F2B8622B80020B467 /* PokeDokiUITestsLaunchTests.swift in Sources */,
				239ADF2D2B8622B80020B467 /* PokeDokiUITests.swift in Sources */,
			);
			runOnlyForDeploymentPostprocessing = 0;
		};
/* End PBXSourcesBuildPhase section */

/* Begin PBXTargetDependency section */
		239ADF202B8622B80020B467 /* PBXTargetDependency */ = {
			isa = PBXTargetDependency;
			target = 239ADF072B8622AE0020B467 /* PokeDoki */;
			targetProxy = 239ADF1F2B8622B80020B467 /* PBXContainerItemProxy */;
		};
		239ADF2A2B8622B80020B467 /* PBXTargetDependency */ = {
			isa = PBXTargetDependency;
			target = 239ADF072B8622AE0020B467 /* PokeDoki */;
			targetProxy = 239ADF292B8622B80020B467 /* PBXContainerItemProxy */;
		};
/* End PBXTargetDependency section */

/* Begin PBXVariantGroup section */
		239ADF112B8622AE0020B467 /* Main.storyboard */ = {
			isa = PBXVariantGroup;
			children = (
				239ADF122B8622AE0020B467 /* Base */,
			);
			name = Main.storyboard;
			sourceTree = "<group>";
		};
		239ADF162B8622B70020B467 /* LaunchScreen.storyboard */ = {
			isa = PBXVariantGroup;
			children = (
				239ADF172B8622B70020B467 /* Base */,
			);
			name = LaunchScreen.storyboard;
			sourceTree = "<group>";
		};
/* End PBXVariantGroup section */

/* Begin XCBuildConfiguration section */
		239ADF302B8622B80020B467 /* Debug */ = {
			isa = XCBuildConfiguration;
			buildSettings = {
				ALWAYS_SEARCH_USER_PATHS = NO;
				CLANG_ANALYZER_NONNULL = YES;
				CLANG_ANALYZER_NUMBER_OBJECT_CONVERSION = YES_AGGRESSIVE;
				CLANG_CXX_LANGUAGE_STANDARD = "gnu++17";
				CLANG_CXX_LIBRARY = "libc++";
				CLANG_ENABLE_MODULES = YES;
				CLANG_ENABLE_OBJC_ARC = YES;
				CLANG_ENABLE_OBJC_WEAK = YES;
				CLANG_WARN_BLOCK_CAPTURE_AUTORELEASING = YES;
				CLANG_WARN_BOOL_CONVERSION = YES;
				CLANG_WARN_COMMA = YES;
				CLANG_WARN_CONSTANT_CONVERSION = YES;
				CLANG_WARN_DEPRECATED_OBJC_IMPLEMENTATIONS = YES;
				CLANG_WARN_DIRECT_OBJC_ISA_USAGE = YES_ERROR;
				CLANG_WARN_DOCUMENTATION_COMMENTS = YES;
				CLANG_WARN_EMPTY_BODY = YES;
				CLANG_WARN_ENUM_CONVERSION = YES;
				CLANG_WARN_INFINITE_RECURSION = YES;
				CLANG_WARN_INT_CONVERSION = YES;
				CLANG_WARN_NON_LITERAL_NULL_CONVERSION = YES;
				CLANG_WARN_OBJC_IMPLICIT_RETAIN_SELF = YES;
				CLANG_WARN_OBJC_LITERAL_CONVERSION = YES;
				CLANG_WARN_OBJC_ROOT_CLASS = YES_ERROR;
				CLANG_WARN_QUOTED_INCLUDE_IN_FRAMEWORK_HEADER = YES;
				CLANG_WARN_RANGE_LOOP_ANALYSIS = YES;
				CLANG_WARN_STRICT_PROTOTYPES = YES;
				CLANG_WARN_SUSPICIOUS_MOVE = YES;
				CLANG_WARN_UNGUARDED_AVAILABILITY = YES_AGGRESSIVE;
				CLANG_WARN_UNREACHABLE_CODE = YES;
				CLANG_WARN__DUPLICATE_METHOD_MATCH = YES;
				COPY_PHASE_STRIP = NO;
				DEBUG_INFORMATION_FORMAT = dwarf;
				ENABLE_STRICT_OBJC_MSGSEND = YES;
				ENABLE_TESTABILITY = YES;
				GCC_C_LANGUAGE_STANDARD = gnu11;
				GCC_DYNAMIC_NO_PIC = NO;
				GCC_NO_COMMON_BLOCKS = YES;
				GCC_OPTIMIZATION_LEVEL = 0;
				GCC_PREPROCESSOR_DEFINITIONS = (
					"DEBUG=1",
					"$(inherited)",
				);
				GCC_WARN_64_TO_32_BIT_CONVERSION = YES;
				GCC_WARN_ABOUT_RETURN_TYPE = YES_ERROR;
				GCC_WARN_UNDECLARED_SELECTOR = YES;
				GCC_WARN_UNINITIALIZED_AUTOS = YES_AGGRESSIVE;
				GCC_WARN_UNUSED_FUNCTION = YES;
				GCC_WARN_UNUSED_VARIABLE = YES;
				IPHONEOS_DEPLOYMENT_TARGET = 15.0;
				MTL_ENABLE_DEBUG_INFO = INCLUDE_SOURCE;
				MTL_FAST_MATH = YES;
				ONLY_ACTIVE_ARCH = YES;
				SDKROOT = iphoneos;
				SWIFT_ACTIVE_COMPILATION_CONDITIONS = DEBUG;
				SWIFT_OPTIMIZATION_LEVEL = "-Onone";
			};
			name = Debug;
		};
		239ADF312B8622B80020B467 /* Release */ = {
			isa = XCBuildConfiguration;
			buildSettings = {
				ALWAYS_SEARCH_USER_PATHS = NO;
				CLANG_ANALYZER_NONNULL = YES;
				CLANG_ANALYZER_NUMBER_OBJECT_CONVERSION = YES_AGGRESSIVE;
				CLANG_CXX_LANGUAGE_STANDARD = "gnu++17";
				CLANG_CXX_LIBRARY = "libc++";
				CLANG_ENABLE_MODULES = YES;
				CLANG_ENABLE_OBJC_ARC = YES;
				CLANG_ENABLE_OBJC_WEAK = YES;
				CLANG_WARN_BLOCK_CAPTURE_AUTORELEASING = YES;
				CLANG_WARN_BOOL_CONVERSION = YES;
				CLANG_WARN_COMMA = YES;
				CLANG_WARN_CONSTANT_CONVERSION = YES;
				CLANG_WARN_DEPRECATED_OBJC_IMPLEMENTATIONS = YES;
				CLANG_WARN_DIRECT_OBJC_ISA_USAGE = YES_ERROR;
				CLANG_WARN_DOCUMENTATION_COMMENTS = YES;
				CLANG_WARN_EMPTY_BODY = YES;
				CLANG_WARN_ENUM_CONVERSION = YES;
				CLANG_WARN_INFINITE_RECURSION = YES;
				CLANG_WARN_INT_CONVERSION = YES;
				CLANG_WARN_NON_LITERAL_NULL_CONVERSION = YES;
				CLANG_WARN_OBJC_IMPLICIT_RETAIN_SELF = YES;
				CLANG_WARN_OBJC_LITERAL_CONVERSION = YES;
				CLANG_WARN_OBJC_ROOT_CLASS = YES_ERROR;
				CLANG_WARN_QUOTED_INCLUDE_IN_FRAMEWORK_HEADER = YES;
				CLANG_WARN_RANGE_LOOP_ANALYSIS = YES;
				CLANG_WARN_STRICT_PROTOTYPES = YES;
				CLANG_WARN_SUSPICIOUS_MOVE = YES;
				CLANG_WARN_UNGUARDED_AVAILABILITY = YES_AGGRESSIVE;
				CLANG_WARN_UNREACHABLE_CODE = YES;
				CLANG_WARN__DUPLICATE_METHOD_MATCH = YES;
				COPY_PHASE_STRIP = NO;
				DEBUG_INFORMATION_FORMAT = "dwarf-with-dsym";
				ENABLE_NS_ASSERTIONS = NO;
				ENABLE_STRICT_OBJC_MSGSEND = YES;
				GCC_C_LANGUAGE_STANDARD = gnu11;
				GCC_NO_COMMON_BLOCKS = YES;
				GCC_WARN_64_TO_32_BIT_CONVERSION = YES;
				GCC_WARN_ABOUT_RETURN_TYPE = YES_ERROR;
				GCC_WARN_UNDECLARED_SELECTOR = YES;
				GCC_WARN_UNINITIALIZED_AUTOS = YES_AGGRESSIVE;
				GCC_WARN_UNUSED_FUNCTION = YES;
				GCC_WARN_UNUSED_VARIABLE = YES;
				IPHONEOS_DEPLOYMENT_TARGET = 15.0;
				MTL_ENABLE_DEBUG_INFO = NO;
				MTL_FAST_MATH = YES;
				SDKROOT = iphoneos;
				SWIFT_COMPILATION_MODE = wholemodule;
				SWIFT_OPTIMIZATION_LEVEL = "-O";
				VALIDATE_PRODUCT = YES;
			};
			name = Release;
		};
		239ADF332B8622B80020B467 /* Debug */ = {
			isa = XCBuildConfiguration;
			buildSettings = {
				ASSETCATALOG_COMPILER_APPICON_NAME = "AppIcon-1";
				ASSETCATALOG_COMPILER_GLOBAL_ACCENT_COLOR_NAME = AccentColor;
				CODE_SIGN_STYLE = Automatic;
				CURRENT_PROJECT_VERSION = 1;
				DEVELOPMENT_TEAM = 9T8VM7VQW2;
				GENERATE_INFOPLIST_FILE = YES;
				INFOPLIST_FILE = PokeDoki/Info.plist;
				INFOPLIST_KEY_UIApplicationSupportsIndirectInputEvents = YES;
				INFOPLIST_KEY_UILaunchStoryboardName = LaunchScreen;
				INFOPLIST_KEY_UIMainStoryboardFile = Main;
				INFOPLIST_KEY_UISupportedInterfaceOrientations_iPad = "UIInterfaceOrientationPortrait UIInterfaceOrientationPortraitUpsideDown UIInterfaceOrientationLandscapeLeft UIInterfaceOrientationLandscapeRight";
				INFOPLIST_KEY_UISupportedInterfaceOrientations_iPhone = "UIInterfaceOrientationPortrait UIInterfaceOrientationLandscapeLeft UIInterfaceOrientationLandscapeRight";
				LD_RUNPATH_SEARCH_PATHS = (
					"$(inherited)",
					"@executable_path/Frameworks",
				);
				MARKETING_VERSION = 1.0;
				PRODUCT_BUNDLE_IDENTIFIER = me.PokeDoki;
				PRODUCT_NAME = "$(TARGET_NAME)";
				SWIFT_EMIT_LOC_STRINGS = YES;
				SWIFT_VERSION = 5.0;
				TARGETED_DEVICE_FAMILY = "1,2";
			};
			name = Debug;
		};
		239ADF342B8622B80020B467 /* Release */ = {
			isa = XCBuildConfiguration;
			buildSettings = {
				ASSETCATALOG_COMPILER_APPICON_NAME = "AppIcon-1";
				ASSETCATALOG_COMPILER_GLOBAL_ACCENT_COLOR_NAME = AccentColor;
				CODE_SIGN_STYLE = Automatic;
				CURRENT_PROJECT_VERSION = 1;
				DEVELOPMENT_TEAM = 9T8VM7VQW2;
				GENERATE_INFOPLIST_FILE = YES;
				INFOPLIST_FILE = PokeDoki/Info.plist;
				INFOPLIST_KEY_UIApplicationSupportsIndirectInputEvents = YES;
				INFOPLIST_KEY_UILaunchStoryboardName = LaunchScreen;
				INFOPLIST_KEY_UIMainStoryboardFile = Main;
				INFOPLIST_KEY_UISupportedInterfaceOrientations_iPad = "UIInterfaceOrientationPortrait UIInterfaceOrientationPortraitUpsideDown UIInterfaceOrientationLandscapeLeft UIInterfaceOrientationLandscapeRight";
				INFOPLIST_KEY_UISupportedInterfaceOrientations_iPhone = "UIInterfaceOrientationPortrait UIInterfaceOrientationLandscapeLeft UIInterfaceOrientationLandscapeRight";
				LD_RUNPATH_SEARCH_PATHS = (
					"$(inherited)",
					"@executable_path/Frameworks",
				);
				MARKETING_VERSION = 1.0;
				PRODUCT_BUNDLE_IDENTIFIER = me.PokeDoki;
				PRODUCT_NAME = "$(TARGET_NAME)";
				SWIFT_EMIT_LOC_STRINGS = YES;
				SWIFT_VERSION = 5.0;
				TARGETED_DEVICE_FAMILY = "1,2";
			};
			name = Release;
		};
		239ADF362B8622B80020B467 /* Debug */ = {
			isa = XCBuildConfiguration;
			buildSettings = {
				ALWAYS_EMBED_SWIFT_STANDARD_LIBRARIES = YES;
				BUNDLE_LOADER = "$(TEST_HOST)";
				CODE_SIGN_STYLE = Automatic;
				CURRENT_PROJECT_VERSION = 1;
				DEVELOPMENT_TEAM = 9T8VM7VQW2;
				GENERATE_INFOPLIST_FILE = YES;
				IPHONEOS_DEPLOYMENT_TARGET = 15.0;
				LD_RUNPATH_SEARCH_PATHS = (
					"$(inherited)",
					"@executable_path/Frameworks",
					"@loader_path/Frameworks",
				);
				MARKETING_VERSION = 1.0;
				PRODUCT_BUNDLE_IDENTIFIER = me.PokeDokiTests;
				PRODUCT_NAME = "$(TARGET_NAME)";
				SWIFT_EMIT_LOC_STRINGS = NO;
				SWIFT_VERSION = 5.0;
				TARGETED_DEVICE_FAMILY = "1,2";
				TEST_HOST = "$(BUILT_PRODUCTS_DIR)/PokeDoki.app/PokeDoki";
			};
			name = Debug;
		};
		239ADF372B8622B80020B467 /* Release */ = {
			isa = XCBuildConfiguration;
			buildSettings = {
				ALWAYS_EMBED_SWIFT_STANDARD_LIBRARIES = YES;
				BUNDLE_LOADER = "$(TEST_HOST)";
				CODE_SIGN_STYLE = Automatic;
				CURRENT_PROJECT_VERSION = 1;
				DEVELOPMENT_TEAM = 9T8VM7VQW2;
				GENERATE_INFOPLIST_FILE = YES;
				IPHONEOS_DEPLOYMENT_TARGET = 15.0;
				LD_RUNPATH_SEARCH_PATHS = (
					"$(inherited)",
					"@executable_path/Frameworks",
					"@loader_path/Frameworks",
				);
				MARKETING_VERSION = 1.0;
				PRODUCT_BUNDLE_IDENTIFIER = me.PokeDokiTests;
				PRODUCT_NAME = "$(TARGET_NAME)";
				SWIFT_EMIT_LOC_STRINGS = NO;
				SWIFT_VERSION = 5.0;
				TARGETED_DEVICE_FAMILY = "1,2";
				TEST_HOST = "$(BUILT_PRODUCTS_DIR)/PokeDoki.app/PokeDoki";
			};
			name = Release;
		};
		239ADF392B8622B80020B467 /* Debug */ = {
			isa = XCBuildConfiguration;
			buildSettings = {
				ALWAYS_EMBED_SWIFT_STANDARD_LIBRARIES = YES;
				CODE_SIGN_STYLE = Automatic;
				CURRENT_PROJECT_VERSION = 1;
				DEVELOPMENT_TEAM = 9T8VM7VQW2;
				GENERATE_INFOPLIST_FILE = YES;
				LD_RUNPATH_SEARCH_PATHS = (
					"$(inherited)",
					"@executable_path/Frameworks",
					"@loader_path/Frameworks",
				);
				MARKETING_VERSION = 1.0;
				PRODUCT_BUNDLE_IDENTIFIER = me.PokeDokiUITests;
				PRODUCT_NAME = "$(TARGET_NAME)";
				SWIFT_EMIT_LOC_STRINGS = NO;
				SWIFT_VERSION = 5.0;
				TARGETED_DEVICE_FAMILY = "1,2";
				TEST_TARGET_NAME = PokeDoki;
			};
			name = Debug;
		};
		239ADF3A2B8622B80020B467 /* Release */ = {
			isa = XCBuildConfiguration;
			buildSettings = {
				ALWAYS_EMBED_SWIFT_STANDARD_LIBRARIES = YES;
				CODE_SIGN_STYLE = Automatic;
				CURRENT_PROJECT_VERSION = 1;
				DEVELOPMENT_TEAM = 9T8VM7VQW2;
				GENERATE_INFOPLIST_FILE = YES;
				LD_RUNPATH_SEARCH_PATHS = (
					"$(inherited)",
					"@executable_path/Frameworks",
					"@loader_path/Frameworks",
				);
				MARKETING_VERSION = 1.0;
				PRODUCT_BUNDLE_IDENTIFIER = me.PokeDokiUITests;
				PRODUCT_NAME = "$(TARGET_NAME)";
				SWIFT_EMIT_LOC_STRINGS = NO;
				SWIFT_VERSION = 5.0;
				TARGETED_DEVICE_FAMILY = "1,2";
				TEST_TARGET_NAME = PokeDoki;
			};
			name = Release;
		};
/* End XCBuildConfiguration section */

/* Begin XCConfigurationList section */
		239ADF032B8622AE0020B467 /* Build configuration list for PBXProject "PokeDoki" */ = {
			isa = XCConfigurationList;
			buildConfigurations = (
				239ADF302B8622B80020B467 /* Debug */,
				239ADF312B8622B80020B467 /* Release */,
			);
			defaultConfigurationIsVisible = 0;
			defaultConfigurationName = Release;
		};
		239ADF322B8622B80020B467 /* Build configuration list for PBXNativeTarget "PokeDoki" */ = {
			isa = XCConfigurationList;
			buildConfigurations = (
				239ADF332B8622B80020B467 /* Debug */,
				239ADF342B8622B80020B467 /* Release */,
			);
			defaultConfigurationIsVisible = 0;
			defaultConfigurationName = Release;
		};
		239ADF352B8622B80020B467 /* Build configuration list for PBXNativeTarget "PokeDokiTests" */ = {
			isa = XCConfigurationList;
			buildConfigurations = (
				239ADF362B8622B80020B467 /* Debug */,
				239ADF372B8622B80020B467 /* Release */,
			);
			defaultConfigurationIsVisible = 0;
			defaultConfigurationName = Release;
		};
		239ADF382B8622B80020B467 /* Build configuration list for PBXNativeTarget "PokeDokiUITests" */ = {
			isa = XCConfigurationList;
			buildConfigurations = (
				239ADF392B8622B80020B467 /* Debug */,
				239ADF3A2B8622B80020B467 /* Release */,
			);
			defaultConfigurationIsVisible = 0;
			defaultConfigurationName = Release;
		};
/* End XCConfigurationList section */
	};
	rootObject = 239ADF002B8622AE0020B467 /* Project object */;
}
